
Microsoft Visual Studio Solution File, Format Version 12.00
# Visual Studio Version 16
VisualStudioVersion = 16.0.30002.166
MinimumVisualStudioVersion = 10.0.40219.1
Project("{9A19103F-16F7-4668-BE54-9A1E7A4F7556}") = "BasicActivity", "BasicActivity\BasicActivity.csproj", "{A2384A29-2488-4464-812E-31284902886B}"
EndProject
Project("{9A19103F-16F7-4668-BE54-9A1E7A4F7556}") = "ApplicationPatterns", "ApplicationPatterns\ApplicationPatterns.csproj", "{44E5BBE2-AEC9-4026-A897-F37D1E4951DF}"
EndProject
Global
	GlobalSection(SolutionConfigurationPlatforms) = preSolution
		Debug|Any CPU = Debug|Any CPU
		Release|Any CPU = Release|Any CPU
	EndGlobalSection
	GlobalSection(ProjectConfigurationPlatforms) = postSolution
		{A2384A29-2488-4464-812E-31284902886B}.Debug|Any CPU.ActiveCfg = Debug|Any CPU
		{A2384A29-2488-4464-812E-31284902886B}.Debug|Any CPU.Build.0 = Debug|Any CPU
		{A2384A29-2488-4464-812E-31284902886B}.Release|Any CPU.ActiveCfg = Release|Any CPU
		{A2384A29-2488-4464-812E-31284902886B}.Release|Any CPU.Build.0 = Release|Any CPU
		{44E5BBE2-AEC9-4026-A897-F37D1E4951DF}.Debug|Any CPU.ActiveCfg = Debug|Any CPU
		{44E5BBE2-AEC9-4026-A897-F37D1E4951DF}.Debug|Any CPU.Build.0 = Debug|Any CPU
		{44E5BBE2-AEC9-4026-A897-F37D1E4951DF}.Release|Any CPU.ActiveCfg = Release|Any CPU
		{44E5BBE2-AEC9-4026-A897-F37D1E4951DF}.Release|Any CPU.Build.0 = Release|Any CPU
	EndGlobalSection
	GlobalSection(SolutionProperties) = preSolution
		HideSolutionNode = FALSE
	EndGlobalSection
	GlobalSection(ExtensibilityGlobals) = postSolution
		SolutionGuid = {6D529E8F-B639-4847-8D77-D218FE815D86}
	EndGlobalSection
EndGlobal
